
Microsoft Visual Studio Solution File, Format Version 12.00
# Visual Studio 14
VisualStudioVersion = 14.0.25420.1
MinimumVisualStudioVersion = 10.0.40219.1
Project("{FAE04EC0-301F-11D3-BF4B-00C04F79EFBC}") = "Seversss", "Seversss\Seversss.csproj", "{36CEA7CA-9234-4C27-B9D9-74A760A20B02}"
EndProject
Global
	GlobalSection(SolutionConfigurationPlatforms) = preSolution
		AAAAAAAAAA|Any CPU = AAAAAAAAAA|Any CPU
		Debug|Any CPU = Debug|Any CPU
		Release|Any CPU = Release|Any CPU
	EndGlobalSection
	GlobalSection(ProjectConfigurationPlatforms) = postSolution
		{36CEA7CA-9234-4C27-B9D9-74A760A20B02}.AAAAAAAAAA|Any CPU.ActiveCfg = AAAAAAAAAA|Any CPU
		{36CEA7CA-9234-4C27-B9D9-74A760A20B02}.AAAAAAAAAA|Any CPU.Build.0 = AAAAAAAAAA|Any CPU
		{36CEA7CA-9234-4C27-B9D9-74A760A20B02}.Debug|Any CPU.ActiveCfg = Debug|Any CPU
		{36CEA7CA-9234-4C27-B9D9-74A760A20B02}.Debug|Any CPU.Build.0 = Debug|Any CPU
		{36CEA7CA-9234-4C27-B9D9-74A760A20B02}.Release|Any CPU.ActiveCfg = Release|Any CPU
		{36CEA7CA-9234-4C27-B9D9-74A760A20B02}.Release|Any CPU.Build.0 = Release|Any CPU
	EndGlobalSection
	GlobalSection(SolutionProperties) = preSolution
		HideSolutionNode = FALSE
	EndGlobalSection
EndGlobal
